// !$*UTF8*$!
{
	archiveVersion = 1;
	classes = {
	};
	objectVersion = 46;
	objects = {

/* Begin PBXBuildFile section */
		048129CC1AFB0A550087A99B /* AppDelegate.swift in Sources */ = {isa = PBXBuildFile; fileRef = 048129CB1AFB0A550087A99B /* AppDelegate.swift */; };
		048129CE1AFB0A550087A99B /* ViewController.swift in Sources */ = {isa = PBXBuildFile; fileRef = 048129CD1AFB0A550087A99B /* ViewController.swift */; };
		048129D11AFB0A550087A99B /* Main.storyboard in Resources */ = {isa = PBXBuildFile; fileRef = 048129CF1AFB0A550087A99B /* Main.storyboard */; };
		048129D31AFB0A550087A99B /* Images.xcassets in Resources */ = {isa = PBXBuildFile; fileRef = 048129D21AFB0A550087A99B /* Images.xcassets */; };
		048129D61AFB0A550087A99B /* LaunchScreen.xib in Resources */ = {isa = PBXBuildFile; fileRef = 048129D41AFB0A550087A99B /* LaunchScreen.xib */; };
		048129E21AFB0A550087A99B /* Facebook_ChallengeTests.swift in Sources */ = {isa = PBXBuildFile; fileRef = 048129E11AFB0A550087A99B /* Facebook_ChallengeTests.swift */; };
		048129EC1AFB0D7C0087A99B /* FeedViewController.swift in Sources */ = {isa = PBXBuildFile; fileRef = 048129EB1AFB0D7C0087A99B /* FeedViewController.swift */; };
		048129EE1AFB10C10087A99B /* DetailViewController.swift in Sources */ = {isa = PBXBuildFile; fileRef = 048129ED1AFB10C10087A99B /* DetailViewController.swift */; };
		048129F01AFB1BE50087A99B /* StatusViewController.swift in Sources */ = {isa = PBXBuildFile; fileRef = 048129EF1AFB1BE50087A99B /* StatusViewController.swift */; };
		04F050731B227BF50090D985 /* BaseTransition.swift in Sources */ = {isa = PBXBuildFile; fileRef = 04F050711B227BF50090D985 /* BaseTransition.swift */; };
		04F050741B227BF50090D985 /* GrowTransition.swift in Sources */ = {isa = PBXBuildFile; fileRef = 04F050721B227BF50090D985 /* GrowTransition.swift */; };
		04F050761B227C2F0090D985 /* PhotoViewController.swift in Sources */ = {isa = PBXBuildFile; fileRef = 04F050751B227C2F0090D985 /* PhotoViewController.swift */; };
/* End PBXBuildFile section */

/* Begin PBXContainerItemProxy section */
		048129DC1AFB0A550087A99B /* PBXContainerItemProxy */ = {
			isa = PBXContainerItemProxy;
			containerPortal = 048129BE1AFB0A550087A99B /* Project object */;
			proxyType = 1;
			remoteGlobalIDString = 048129C51AFB0A550087A99B;
			remoteInfo = "Facebook Challenge";
		};
/* End PBXContainerItemProxy section */

/* Begin PBXFileReference section */
		048129C61AFB0A550087A99B /* Facebook Challenge.app */ = {isa = PBXFileReference; explicitFileType = wrapper.application; includeInIndex = 0; path = "Facebook Challenge.app"; sourceTree = BUILT_PRODUCTS_DIR; };
		048129CA1AFB0A550087A99B /* Info.plist */ = {isa = PBXFileReference; lastKnownFileType = text.plist.xml; path = Info.plist; sourceTree = "<group>"; };
		048129CB1AFB0A550087A99B /* AppDelegate.swift */ = {isa = PBXFileReference; lastKnownFileType = sourcecode.swift; path = AppDelegate.swift; sourceTree = "<group>"; };
		048129CD1AFB0A550087A99B /* ViewController.swift */ = {isa = PBXFileReference; lastKnownFileType = sourcecode.swift; path = ViewController.swift; sourceTree = "<group>"; };
		048129D01AFB0A550087A99B /* Base */ = {isa = PBXFileReference; lastKnownFileType = file.storyboard; name = Base; path = Base.lproj/Main.storyboard; sourceTree = "<group>"; };
		048129D21AFB0A550087A99B /* Images.xcassets */ = {isa = PBXFileReference; lastKnownFileType = folder.assetcatalog; path = Images.xcassets; sourceTree = "<group>"; };
		048129D51AFB0A550087A99B /* Base */ = {isa = PBXFileReference; lastKnownFileType = file.xib; name = Base; path = Base.lproj/LaunchScreen.xib; sourceTree = "<group>"; };
		048129DB1AFB0A550087A99B /* Facebook ChallengeTests.xctest */ = {isa = PBXFileReference; explicitFileType = wrapper.cfbundle; includeInIndex = 0; path = "Facebook ChallengeTests.xctest"; sourceTree = BUILT_PRODUCTS_DIR; };
		048129E01AFB0A550087A99B /* Info.plist */ = {isa = PBXFileReference; lastKnownFileType = text.plist.xml; path = Info.plist; sourceTree = "<group>"; };
		048129E11AFB0A550087A99B /* Facebook_ChallengeTests.swift */ = {isa = PBXFileReference; lastKnownFileType = sourcecode.swift; path = Facebook_ChallengeTests.swift; sourceTree = "<group>"; };
		048129EB1AFB0D7C0087A99B /* FeedViewController.swift */ = {isa = PBXFileReference; fileEncoding = 4; lastKnownFileType = sourcecode.swift; path = FeedViewController.swift; sourceTree = "<group>"; };
		048129ED1AFB10C10087A99B /* DetailViewController.swift */ = {isa = PBXFileReference; fileEncoding = 4; lastKnownFileType = sourcecode.swift; path = DetailViewController.swift; sourceTree = "<group>"; };
		048129EF1AFB1BE50087A99B /* StatusViewController.swift */ = {isa = PBXFileReference; fileEncoding = 4; lastKnownFileType = sourcecode.swift; name = StatusViewController.swift; path = ../StatusViewController.swift; sourceTree = "<group>"; };
		04F050711B227BF50090D985 /* BaseTransition.swift */ = {isa = PBXFileReference; fileEncoding = 4; lastKnownFileType = sourcecode.swift; path = BaseTransition.swift; sourceTree = "<group>"; };
		04F050721B227BF50090D985 /* GrowTransition.swift */ = {isa = PBXFileReference; fileEncoding = 4; lastKnownFileType = sourcecode.swift; path = GrowTransition.swift; sourceTree = "<group>"; };
		04F050751B227C2F0090D985 /* PhotoViewController.swift */ = {isa = PBXFileReference; fileEncoding = 4; lastKnownFileType = sourcecode.swift; path = PhotoViewController.swift; sourceTree = "<group>"; };
/* End PBXFileReference section */

/* Begin PBXFrameworksBuildPhase section */
		048129C31AFB0A550087A99B /* Frameworks */ = {
			isa = PBXFrameworksBuildPhase;
			buildActionMask = 2147483647;
			files = (
			);
			runOnlyForDeploymentPostprocessing = 0;
		};
		048129D81AFB0A550087A99B /* Frameworks */ = {
			isa = PBXFrameworksBuildPhase;
			buildActionMask = 2147483647;
			files = (
			);
			runOnlyForDeploymentPostprocessing = 0;
		};
/* End PBXFrameworksBuildPhase section */

/* Begin PBXGroup section */
		048129BD1AFB0A550087A99B = {
			isa = PBXGroup;
			children = (
				048129C81AFB0A550087A99B /* Facebook Challenge */,
				048129DE1AFB0A550087A99B /* Facebook ChallengeTests */,
				048129C71AFB0A550087A99B /* Products */,
			);
			sourceTree = "<group>";
		};
		048129C71AFB0A550087A99B /* Products */ = {
			isa = PBXGroup;
			children = (
				048129C61AFB0A550087A99B /* Facebook Challenge.app */,
				048129DB1AFB0A550087A99B /* Facebook ChallengeTests.xctest */,
			);
			name = Products;
			sourceTree = "<group>";
		};
		048129C81AFB0A550087A99B /* Facebook Challenge */ = {
			isa = PBXGroup;
			children = (
				048129EF1AFB1BE50087A99B /* StatusViewController.swift */,
				048129CB1AFB0A550087A99B /* AppDelegate.swift */,
				048129CD1AFB0A550087A99B /* ViewController.swift */,
				048129CF1AFB0A550087A99B /* Main.storyboard */,
				04F050751B227C2F0090D985 /* PhotoViewController.swift */,
				04F050711B227BF50090D985 /* BaseTransition.swift */,
				04F050721B227BF50090D985 /* GrowTransition.swift */,
				048129D21AFB0A550087A99B /* Images.xcassets */,
				048129D41AFB0A550087A99B /* LaunchScreen.xib */,
				048129C91AFB0A550087A99B /* Supporting Files */,
				048129EB1AFB0D7C0087A99B /* FeedViewController.swift */,
				048129ED1AFB10C10087A99B /* DetailViewController.swift */,
			);
			path = "Facebook Challenge";
			sourceTree = "<group>";
		};
		048129C91AFB0A550087A99B /* Supporting Files */ = {
			isa = PBXGroup;
			children = (
				048129CA1AFB0A550087A99B /* Info.plist */,
			);
			name = "Supporting Files";
			sourceTree = "<group>";
		};
		048129DE1AFB0A550087A99B /* Facebook ChallengeTests */ = {
			isa = PBXGroup;
			children = (
				048129E11AFB0A550087A99B /* Facebook_ChallengeTests.swift */,
				048129DF1AFB0A550087A99B /* Supporting Files */,
			);
			path = "Facebook ChallengeTests";
			sourceTree = "<group>";
		};
		048129DF1AFB0A550087A99B /* Supporting Files */ = {
			isa = PBXGroup;
			children = (
				048129E01AFB0A550087A99B /* Info.plist */,
			);
			name = "Supporting Files";
			sourceTree = "<group>";
		};
/* End PBXGroup section */

/* Begin PBXNativeTarget section */
		048129C51AFB0A550087A99B /* Facebook Challenge */ = {
			isa = PBXNativeTarget;
			buildConfigurationList = 048129E51AFB0A550087A99B /* Build configuration list for PBXNativeTarget "Facebook Challenge" */;
			buildPhases = (
				048129C21AFB0A550087A99B /* Sources */,
				048129C31AFB0A550087A99B /* Frameworks */,
				048129C41AFB0A550087A99B /* Resources */,
			);
			buildRules = (
			);
			dependencies = (
			);
			name = "Facebook Challenge";
			productName = "Facebook Challenge";
			productReference = 048129C61AFB0A550087A99B /* Facebook Challenge.app */;
			productType = "com.apple.product-type.application";
		};
		048129DA1AFB0A550087A99B /* Facebook ChallengeTests */ = {
			isa = PBXNativeTarget;
			buildConfigurationList = 048129E81AFB0A550087A99B /* Build configuration list for PBXNativeTarget "Facebook ChallengeTests" */;
			buildPhases = (
				048129D71AFB0A550087A99B /* Sources */,
				048129D81AFB0A550087A99B /* Frameworks */,
				048129D91AFB0A550087A99B /* Resources */,
			);
			buildRules = (
			);
			dependencies = (
				048129DD1AFB0A550087A99B /* PBXTargetDependency */,
			);
			name = "Facebook ChallengeTests";
			productName = "Facebook ChallengeTests";
			productReference = 048129DB1AFB0A550087A99B /* Facebook ChallengeTests.xctest */;
			productType = "com.apple.product-type.bundle.unit-test";
		};
/* End PBXNativeTarget section */

/* Begin PBXProject section */
		048129BE1AFB0A550087A99B /* Project object */ = {
			isa = PBXProject;
			attributes = {
				LastUpgradeCheck = 0620;
				ORGANIZATIONNAME = "Mike Jacobs";
				TargetAttributes = {
					048129C51AFB0A550087A99B = {
						CreatedOnToolsVersion = 6.2;
					};
					048129DA1AFB0A550087A99B = {
						CreatedOnToolsVersion = 6.2;
						TestTargetID = 048129C51AFB0A550087A99B;
					};
				};
			};
			buildConfigurationList = 048129C11AFB0A550087A99B /* Build configuration list for PBXProject "Facebook Challenge" */;
			compatibilityVersion = "Xcode 3.2";
			developmentRegion = English;
			hasScannedForEncodings = 0;
			knownRegions = (
				en,
				Base,
			);
			mainGroup = 048129BD1AFB0A550087A99B;
			productRefGroup = 048129C71AFB0A550087A99B /* Products */;
			projectDirPath = "";
			projectRoot = "";
			targets = (
				048129C51AFB0A550087A99B /* Facebook Challenge */,
				048129DA1AFB0A550087A99B /* Facebook ChallengeTests */,
			);
		};
/* End PBXProject section */

/* Begin PBXResourcesBuildPhase section */
		048129C41AFB0A550087A99B /* Resources */ = {
			isa = PBXResourcesBuildPhase;
			buildActionMask = 2147483647;
			files = (
				048129D11AFB0A550087A99B /* Main.storyboard in Resources */,
				048129D61AFB0A550087A99B /* LaunchScreen.xib in Resources */,
				048129D31AFB0A550087A99B /* Images.xcassets in Resources */,
			);
			runOnlyForDeploymentPostprocessing = 0;
		};
		048129D91AFB0A550087A99B /* Resources */ = {
			isa = PBXResourcesBuildPhase;
			buildActionMask = 2147483647;
			files = (
			);
			runOnlyForDeploymentPostprocessing = 0;
		};
/* End PBXResourcesBuildPhase section */

/* Begin PBXSourcesBuildPhase section */
		048129C21AFB0A550087A99B /* Sources */ = {
			isa = PBXSourcesBuildPhase;
			buildActionMask = 2147483647;
			files = (
				048129CE1AFB0A550087A99B /* ViewController.swift in Sources */,
				04F050731B227BF50090D985 /* BaseTransition.swift in Sources */,
				048129EC1AFB0D7C0087A99B /* FeedViewController.swift in Sources */,
				048129CC1AFB0A550087A99B /* AppDelegate.swift in Sources */,
				048129EE1AFB10C10087A99B /* DetailViewController.swift in Sources */,
				04F050761B227C2F0090D985 /* PhotoViewController.swift in Sources */,
				048129F01AFB1BE50087A99B /* StatusViewController.swift in Sources */,
				04F050741B227BF50090D985 /* GrowTransition.swift in Sources */,
			);
			runOnlyForDeploymentPostprocessing = 0;
		};
		048129D71AFB0A550087A99B /* Sources */ = {
			isa = PBXSourcesBuildPhase;
			buildActionMask = 2147483647;
			files = (
				048129E21AFB0A550087A99B /* Facebook_ChallengeTests.swift in Sources */,
			);
			runOnlyForDeploymentPostprocessing = 0;
		};
/* End PBXSourcesBuildPhase section */

/* Begin PBXTargetDependency section */
		048129DD1AFB0A550087A99B /* PBXTargetDependency */ = {
			isa = PBXTargetDependency;
			target = 048129C51AFB0A550087A99B /* Facebook Challenge */;
			targetProxy = 048129DC1AFB0A550087A99B /* PBXContainerItemProxy */;
		};
/* End PBXTargetDependency section */

/* Begin PBXVariantGroup section */
		048129CF1AFB0A550087A99B /* Main.storyboard */ = {
			isa = PBXVariantGroup;
			children = (
				048129D01AFB0A550087A99B /* Base */,
			);
			name = Main.storyboard;
			sourceTree = "<group>";
		};
		048129D41AFB0A550087A99B /* LaunchScreen.xib */ = {
			isa = PBXVariantGroup;
			children = (
				048129D51AFB0A550087A99B /* Base */,
			);
			name = LaunchScreen.xib;
			sourceTree = "<group>";
		};
/* End PBXVariantGroup section */

/* Begin XCBuildConfiguration section */
		048129E31AFB0A550087A99B /* Debug */ = {
			isa = XCBuildConfiguration;
			buildSettings = {
				ALWAYS_SEARCH_USER_PATHS = NO;
				CLANG_CXX_LANGUAGE_STANDARD = "gnu++0x";
				CLANG_CXX_LIBRARY = "libc++";
				CLANG_ENABLE_MODULES = YES;
				CLANG_ENABLE_OBJC_ARC = YES;
				CLANG_WARN_BOOL_CONVERSION = YES;
				CLANG_WARN_CONSTANT_CONVERSION = YES;
				CLANG_WARN_DIRECT_OBJC_ISA_USAGE = YES_ERROR;
				CLANG_WARN_EMPTY_BODY = YES;
				CLANG_WARN_ENUM_CONVERSION = YES;
				CLANG_WARN_INT_CONVERSION = YES;
				CLANG_WARN_OBJC_ROOT_CLASS = YES_ERROR;
				CLANG_WARN_UNREACHABLE_CODE = YES;
				CLANG_WARN__DUPLICATE_METHOD_MATCH = YES;
				"CODE_SIGN_IDENTITY[sdk=iphoneos*]" = "iPhone Developer";
				COPY_PHASE_STRIP = NO;
				ENABLE_STRICT_OBJC_MSGSEND = YES;
				GCC_C_LANGUAGE_STANDARD = gnu99;
				GCC_DYNAMIC_NO_PIC = NO;
				GCC_OPTIMIZATION_LEVEL = 0;
				GCC_PREPROCESSOR_DEFINITIONS = (
					"DEBUG=1",
					"$(inherited)",
				);
				GCC_SYMBOLS_PRIVATE_EXTERN = NO;
				GCC_WARN_64_TO_32_BIT_CONVERSION = YES;
				GCC_WARN_ABOUT_RETURN_TYPE = YES_ERROR;
				GCC_WARN_UNDECLARED_SELECTOR = YES;
				GCC_WARN_UNINITIALIZED_AUTOS = YES_AGGRESSIVE;
				GCC_WARN_UNUSED_FUNCTION = YES;
				GCC_WARN_UNUSED_VARIABLE = YES;
				IPHONEOS_DEPLOYMENT_TARGET = 8.2;
				MTL_ENABLE_DEBUG_INFO = YES;
				ONLY_ACTIVE_ARCH = YES;
				SDKROOT = iphoneos;
				SWIFT_OPTIMIZATION_LEVEL = "-Onone";
			};
			name = Debug;
		};
		048129E41AFB0A550087A99B /* Release */ = {
			isa = XCBuildConfiguration;
			buildSettings = {
				ALWAYS_SEARCH_USER_PATHS = NO;
				CLANG_CXX_LANGUAGE_STANDARD = "gnu++0x";
				CLANG_CXX_LIBRARY = "libc++";
				CLANG_ENABLE_MODULES = YES;
				CLANG_ENABLE_OBJC_ARC = YES;
				CLANG_WARN_BOOL_CONVERSION = YES;
				CLANG_WARN_CONSTANT_CONVERSION = YES;
				CLANG_WARN_DIRECT_OBJC_ISA_USAGE = YES_ERROR;
				CLANG_WARN_EMPTY_BODY = YES;
				CLANG_WARN_ENUM_CONVERSION = YES;
				CLANG_WARN_INT_CONVERSION = YES;
				CLANG_WARN_OBJC_ROOT_CLASS = YES_ERROR;
				CLANG_WARN_UNREACHABLE_CODE = YES;
				CLANG_WARN__DUPLICATE_METHOD_MATCH = YES;
				"CODE_SIGN_IDENTITY[sdk=iphoneos*]" = "iPhone Developer";
				COPY_PHASE_STRIP = NO;
				ENABLE_NS_ASSERTIONS = NO;
				ENABLE_STRICT_OBJC_MSGSEND = YES;
				GCC_C_LANGUAGE_STANDARD = gnu99;
				GCC_WARN_64_TO_32_BIT_CONVERSION = YES;
				GCC_WARN_ABOUT_RETURN_TYPE = YES_ERROR;
				GCC_WARN_UNDECLARED_SELECTOR = YES;
				GCC_WARN_UNINITIALIZED_AUTOS = YES_AGGRESSIVE;
				GCC_WARN_UNUSED_FUNCTION = YES;
				GCC_WARN_UNUSED_VARIABLE = YES;
				IPHONEOS_DEPLOYMENT_TARGET = 8.2;
				MTL_ENABLE_DEBUG_INFO = NO;
				SDKROOT = iphoneos;
				VALIDATE_PRODUCT = YES;
			};
			name = Release;
		};
		048129E61AFB0A550087A99B /* Debug */ = {
			isa = XCBuildConfiguration;
			buildSettings = {
				ASSETCATALOG_COMPILER_APPICON_NAME = AppIcon;
				INFOPLIST_FILE = "Facebook Challenge/Info.plist";
				LD_RUNPATH_SEARCH_PATHS = "$(inherited) @executable_path/Frameworks";
				PRODUCT_NAME = "$(TARGET_NAME)";
			};
			name = Debug;
		};
		048129E71AFB0A550087A99B /* Release */ = {
			isa = XCBuildConfiguration;
			buildSettings = {
				ASSETCATALOG_COMPILER_APPICON_NAME = AppIcon;
				INFOPLIST_FILE = "Facebook Challenge/Info.plist";
				LD_RUNPATH_SEARCH_PATHS = "$(inherited) @executable_path/Frameworks";
				PRODUCT_NAME = "$(TARGET_NAME)";
			};
			name = Release;
		};
		048129E91AFB0A550087A99B /* Debug */ = {
			isa = XCBuildConfiguration;
			buildSettings = {
				BUNDLE_LOADER = "$(TEST_HOST)";
				FRAMEWORK_SEARCH_PATHS = (
					"$(SDKROOT)/Developer/Library/Frameworks",
					"$(inherited)",
				);
				GCC_PREPROCESSOR_DEFINITIONS = (
					"DEBUG=1",
					"$(inherited)",
				);
				INFOPLIST_FILE = "Facebook ChallengeTests/Info.plist";
				LD_RUNPATH_SEARCH_PATHS = "$(inherited) @executable_path/Frameworks @loader_path/Frameworks";
				PRODUCT_NAME = "$(TARGET_NAME)";
				TEST_HOST = "$(BUILT_PRODUCTS_DIR)/Facebook Challenge.app/Facebook Challenge";
			};
			name = Debug;
		};
		048129EA1AFB0A550087A99B /* Release */ = {
			isa = XCBuildConfiguration;
			buildSettings = {
				BUNDLE_LOADER = "$(TEST_HOST)";
				FRAMEWORK_SEARCH_PATHS = (
					"$(SDKROOT)/Developer/Library/Frameworks",
					"$(inherited)",
				);
				INFOPLIST_FILE = "Facebook ChallengeTests/Info.plist";
				LD_RUNPATH_SEARCH_PATHS = "$(inherited) @executable_path/Frameworks @loader_path/Frameworks";
				PRODUCT_NAME = "$(TARGET_NAME)";
				TEST_HOST = "$(BUILT_PRODUCTS_DIR)/Facebook Challenge.app/Facebook Challenge";
			};
			name = Release;
		};
/* End XCBuildConfiguration section */

/* Begin XCConfigurationList section */
		048129C11AFB0A550087A99B /* Build configuration list for PBXProject "Facebook Challenge" */ = {
			isa = XCConfigurationList;
			buildConfigurations = (
				048129E31AFB0A550087A99B /* Debug */,
				048129E41AFB0A550087A99B /* Release */,
			);
			defaultConfigurationIsVisible = 0;
			defaultConfigurationName = Release;
		};
		048129E51AFB0A550087A99B /* Build configuration list for PBXNativeTarget "Facebook Challenge" */ = {
			isa = XCConfigurationList;
			buildConfigurations = (
				048129E61AFB0A550087A99B /* Debug */,
				048129E71AFB0A550087A99B /* Release */,
			);
			defaultConfigurationIsVisible = 0;
			defaultConfigurationName = Release;
		};
		048129E81AFB0A550087A99B /* Build configuration list for PBXNativeTarget "Facebook ChallengeTests" */ = {
			isa = XCConfigurationList;
			buildConfigurations = (
				048129E91AFB0A550087A99B /* Debug */,
				048129EA1AFB0A550087A99B /* Release */,
			);
			defaultConfigurationIsVisible = 0;
			defaultConfigurationName = Release;
		};
/* End XCConfigurationList section */
	};
	rootObject = 048129BE1AFB0A550087A99B /* Project object */;
}
